// !$*UTF8*$!
{
	archiveVersion = 1;
	classes = {
	};
	objectVersion = 46;
	objects = {

/* Begin PBXBuildFile section */
		7D78B0351DF8624D006A1303 /* AppDelegate.swift in Sources */ = {isa = PBXBuildFile; fileRef = 7D78B0341DF8624D006A1303 /* AppDelegate.swift */; };
		7D78B0371DF8624D006A1303 /* ViewController.swift in Sources */ = {isa = PBXBuildFile; fileRef = 7D78B0361DF8624D006A1303 /* ViewController.swift */; };
		7D78B03A1DF8624D006A1303 /* Main.storyboard in Resources */ = {isa = PBXBuildFile; fileRef = 7D78B0381DF8624D006A1303 /* Main.storyboard */; };
		7D78B03C1DF8624D006A1303 /* Assets.xcassets in Resources */ = {isa = PBXBuildFile; fileRef = 7D78B03B1DF8624D006A1303 /* Assets.xcassets */; };
		7D78B03F1DF8624D006A1303 /* LaunchScreen.storyboard in Resources */ = {isa = PBXBuildFile; fileRef = 7D78B03D1DF8624D006A1303 /* LaunchScreen.storyboard */; };
/* End PBXBuildFile section */

/* Begin PBXFileReference section */
		7D78B0311DF8624D006A1303 /* Social Network App.app */ = {isa = PBXFileReference; explicitFileType = wrapper.application; includeInIndex = 0; path = "Social Network App.app"; sourceTree = BUILT_PRODUCTS_DIR; };
		7D78B0341DF8624D006A1303 /* AppDelegate.swift */ = {isa = PBXFileReference; lastKnownFileType = sourcecode.swift; path = AppDelegate.swift; sourceTree = "<group>"; };
		7D78B0361DF8624D006A1303 /* ViewController.swift */ = {isa = PBXFileReference; lastKnownFileType = sourcecode.swift; path = ViewController.swift; sourceTree = "<group>"; };
		7D78B0391DF8624D006A1303 /* Base */ = {isa = PBXFileReference; lastKnownFileType = file.storyboard; name = Base; path = Base.lproj/Main.storyboard; sourceTree = "<group>"; };
		7D78B03B1DF8624D006A1303 /* Assets.xcassets */ = {isa = PBXFileReference; lastKnownFileType = folder.assetcatalog; path = Assets.xcassets; sourceTree = "<group>"; };
		7D78B03E1DF8624D006A1303 /* Base */ = {isa = PBXFileReference; lastKnownFileType = file.storyboard; name = Base; path = Base.lproj/LaunchScreen.storyboard; sourceTree = "<group>"; };
		7D78B0401DF8624D006A1303 /* Info.plist */ = {isa = PBXFileReference; lastKnownFileType = text.plist.xml; path = Info.plist; sourceTree = "<group>"; };
/* End PBXFileReference section */

/* Begin PBXFrameworksBuildPhase section */
		7D78B02E1DF8624D006A1303 /* Frameworks */ = {
			isa = PBXFrameworksBuildPhase;
			buildActionMask = 2147483647;
			files = (
			);
			runOnlyForDeploymentPostprocessing = 0;
		};
/* End PBXFrameworksBuildPhase section */

/* Begin PBXGroup section */
		7D78B0281DF8624D006A1303 = {
			isa = PBXGroup;
			children = (
				7D78B0331DF8624D006A1303 /* Social Network App */,
				7D78B0321DF8624D006A1303 /* Products */,
			);
			sourceTree = "<group>";
		};
		7D78B0321DF8624D006A1303 /* Products */ = {
			isa = PBXGroup;
			children = (
				7D78B0311DF8624D006A1303 /* Social Network App.app */,
			);
			name = Products;
			sourceTree = "<group>";
		};
		7D78B0331DF8624D006A1303 /* Social Network App */ = {
			isa = PBXGroup;
			children = (
				7D78B0341DF8624D006A1303 /* AppDelegate.swift */,
				7D78B0361DF8624D006A1303 /* ViewController.swift */,
				7D78B0381DF8624D006A1303 /* Main.storyboard */,
				7D78B03B1DF8624D006A1303 /* Assets.xcassets */,
				7D78B03D1DF8624D006A1303 /* LaunchScreen.storyboard */,
				7D78B0401DF8624D006A1303 /* Info.plist */,
			);
			path = "Social Network App";
			sourceTree = "<group>";
		};
/* End PBXGroup section */

/* Begin PBXNativeTarget section */
		7D78B0301DF8624D006A1303 /* Social Network App */ = {
			isa = PBXNativeTarget;
			buildConfigurationList = 7D78B0431DF8624D006A1303 /* Build configuration list for PBXNativeTarget "Social Network App" */;
			buildPhases = (
				7D78B02D1DF8624D006A1303 /* Sources */,
				7D78B02E1DF8624D006A1303 /* Frameworks */,
				7D78B02F1DF8624D006A1303 /* Resources */,
			);
			buildRules = (
			);
			dependencies = (
			);
			name = "Social Network App";
			productName = "Social Network App";
			productReference = 7D78B0311DF8624D006A1303 /* Social Network App.app */;
			productType = "com.apple.product-type.application";
		};
/* End PBXNativeTarget section */

/* Begin PBXProject section */
		7D78B0291DF8624D006A1303 /* Project object */ = {
			isa = PBXProject;
			attributes = {
				LastSwiftUpdateCheck = 0810;
				LastUpgradeCheck = 0810;
				ORGANIZATIONNAME = "Darshan Gowda";
				TargetAttributes = {
					7D78B0301DF8624D006A1303 = {
						CreatedOnToolsVersion = 8.1;
						ProvisioningStyle = Automatic;
					};
				};
			};
			buildConfigurationList = 7D78B02C1DF8624D006A1303 /* Build configuration list for PBXProject "Social Network App" */;
			compatibilityVersion = "Xcode 3.2";
			developmentRegion = English;
			hasScannedForEncodings = 0;
			knownRegions = (
				en,
				Base,
			);
			mainGroup = 7D78B0281DF8624D006A1303;
			productRefGroup = 7D78B0321DF8624D006A1303 /* Products */;
			projectDirPath = "";
			projectRoot = "";
			targets = (
				7D78B0301DF8624D006A1303 /* Social Network App */,
			);
		};
/* End PBXProject section */

/* Begin PBXResourcesBuildPhase section */
		7D78B02F1DF8624D006A1303 /* Resources */ = {
			isa = PBXResourcesBuildPhase;
			buildActionMask = 2147483647;
			files = (
				7D78B03F1DF8624D006A1303 /* LaunchScreen.storyboard in Resources */,
				7D78B03C1DF8624D006A1303 /* Assets.xcassets in Resources */,
				7D78B03A1DF8624D006A1303 /* Main.storyboard in Resources */,
			);
			runOnlyForDeploymentPostprocessing = 0;
		};
/* End PBXResourcesBuildPhase section */

/* Begin PBXSourcesBuildPhase section */
		7D78B02D1DF8624D006A1303 /* Sources */ = {
			isa = PBXSourcesBuildPhase;
			buildActionMask = 2147483647;
			files = (
				7D78B0371DF8624D006A1303 /* ViewController.swift in Sources */,
				7D78B0351DF8624D006A1303 /* AppDelegate.swift in Sources */,
			);
			runOnlyForDeploymentPostprocessing = 0;
		};
/* End PBXSourcesBuildPhase section */

/* Begin PBXVariantGroup section */
		7D78B0381DF8624D006A1303 /* Main.storyboard */ = {
			isa = PBXVariantGroup;
			children = (
				7D78B0391DF8624D006A1303 /* Base */,
			);
			name = Main.storyboard;
			sourceTree = "<group>";
		};
		7D78B03D1DF8624D006A1303 /* LaunchScreen.storyboard */ = {
			isa = PBXVariantGroup;
			children = (
				7D78B03E1DF8624D006A1303 /* Base */,
			);
			name = LaunchScreen.storyboard;
			sourceTree = "<group>";
		};
/* End PBXVariantGroup section */

/* Begin XCBuildConfiguration section */
		7D78B0411DF8624D006A1303 /* Debug */ = {
			isa = XCBuildConfiguration;
			buildSettings = {
				ALWAYS_SEARCH_USER_PATHS = NO;
				CLANG_ANALYZER_NONNULL = YES;
				CLANG_CXX_LANGUAGE_STANDARD = "gnu++0x";
				CLANG_CXX_LIBRARY = "libc++";
				CLANG_ENABLE_MODULES = YES;
				CLANG_ENABLE_OBJC_ARC = YES;
				CLANG_WARN_BOOL_CONVERSION = YES;
				CLANG_WARN_CONSTANT_CONVERSION = YES;
				CLANG_WARN_DIRECT_OBJC_ISA_USAGE = YES_ERROR;
				CLANG_WARN_DOCUMENTATION_COMMENTS = YES;
				CLANG_WARN_EMPTY_BODY = YES;
				CLANG_WARN_ENUM_CONVERSION = YES;
				CLANG_WARN_INFINITE_RECURSION = YES;
				CLANG_WARN_INT_CONVERSION = YES;
				CLANG_WARN_OBJC_ROOT_CLASS = YES_ERROR;
				CLANG_WARN_SUSPICIOUS_MOVES = YES;
				CLANG_WARN_UNREACHABLE_CODE = YES;
				CLANG_WARN__DUPLICATE_METHOD_MATCH = YES;
				"CODE_SIGN_IDENTITY[sdk=iphoneos*]" = "iPhone Developer";
				COPY_PHASE_STRIP = NO;
				DEBUG_INFORMATION_FORMAT = dwarf;
				ENABLE_STRICT_OBJC_MSGSEND = YES;
				ENABLE_TESTABILITY = YES;
				GCC_C_LANGUAGE_STANDARD = gnu99;
				GCC_DYNAMIC_NO_PIC = NO;
				GCC_NO_COMMON_BLOCKS = YES;
				GCC_OPTIMIZATION_LEVEL = 0;
				GCC_PREPROCESSOR_DEFINITIONS = (
					"DEBUG=1",
					"$(inherited)",
				);
				GCC_WARN_64_TO_32_BIT_CONVERSION = YES;
				GCC_WARN_ABOUT_RETURN_TYPE = YES_ERROR;
				GCC_WARN_UNDECLARED_SELECTOR = YES;
				GCC_WARN_UNINITIALIZED_AUTOS = YES_AGGRESSIVE;
				GCC_WARN_UNUSED_FUNCTION = YES;
				GCC_WARN_UNUSED_VARIABLE = YES;
				IPHONEOS_DEPLOYMENT_TARGET = 10.1;
				MTL_ENABLE_DEBUG_INFO = YES;
				ONLY_ACTIVE_ARCH = YES;
				SDKROOT = iphoneos;
				SWIFT_ACTIVE_COMPILATION_CONDITIONS = DEBUG;
				SWIFT_OPTIMIZATION_LEVEL = "-Onone";
				TARGETED_DEVICE_FAMILY = "1,2";
			};
			name = Debug;
		};
		7D78B0421DF8624D006A1303 /* Release */ = {
			isa = XCBuildConfiguration;
			buildSettings = {
				ALWAYS_SEARCH_USER_PATHS = NO;
				CLANG_ANALYZER_NONNULL = YES;
				CLANG_CXX_LANGUAGE_STANDARD = "gnu++0x";
				CLANG_CXX_LIBRARY = "libc++";
				CLANG_ENABLE_MODULES = YES;
				CLANG_ENABLE_OBJC_ARC = YES;
				CLANG_WARN_BOOL_CONVERSION = YES;
				CLANG_WARN_CONSTANT_CONVERSION = YES;
				CLANG_WARN_DIRECT_OBJC_ISA_USAGE = YES_ERROR;
				CLANG_WARN_DOCUMENTATION_COMMENTS = YES;
				CLANG_WARN_EMPTY_BODY = YES;
				CLANG_WARN_ENUM_CONVERSION = YES;
				CLANG_WARN_INFINITE_RECURSION = YES;
				CLANG_WARN_INT_CONVERSION = YES;
				CLANG_WARN_OBJC_ROOT_CLASS = YES_ERROR;
				CLANG_WARN_SUSPICIOUS_MOVES = YES;
				CLANG_WARN_UNREACHABLE_CODE = YES;
				CLANG_WARN__DUPLICATE_METHOD_MATCH = YES;
				"CODE_SIGN_IDENTITY[sdk=iphoneos*]" = "iPhone Developer";
				COPY_PHASE_STRIP = NO;
				DEBUG_INFORMATION_FORMAT = "dwarf-with-dsym";
				ENABLE_NS_ASSERTIONS = NO;
				ENABLE_STRICT_OBJC_MSGSEND = YES;
				GCC_C_LANGUAGE_STANDARD = gnu99;
				GCC_NO_COMMON_BLOCKS = YES;
				GCC_WARN_64_TO_32_BIT_CONVERSION = YES;
				GCC_WARN_ABOUT_RETURN_TYPE = YES_ERROR;
				GCC_WARN_UNDECLARED_SELECTOR = YES;
				GCC_WARN_UNINITIALIZED_AUTOS = YES_AGGRESSIVE;
				GCC_WARN_UNUSED_FUNCTION = YES;
				GCC_WARN_UNUSED_VARIABLE = YES;
				IPHONEOS_DEPLOYMENT_TARGET = 10.1;
				MTL_ENABLE_DEBUG_INFO = NO;
				SDKROOT = iphoneos;
				SWIFT_OPTIMIZATION_LEVEL = "-Owholemodule";
				TARGETED_DEVICE_FAMILY = "1,2";
				VALIDATE_PRODUCT = YES;
			};
			name = Release;
		};
		7D78B0441DF8624D006A1303 /* Debug */ = {
			isa = XCBuildConfiguration;
			buildSettings = {
				ASSETCATALOG_COMPILER_APPICON_NAME = AppIcon;
				INFOPLIST_FILE = "Social Network App/Info.plist";
				LD_RUNPATH_SEARCH_PATHS = "$(inherited) @executable_path/Frameworks";
				PRODUCT_BUNDLE_IDENTIFIER = "com.darshan.Social-Network-App";
				PRODUCT_NAME = "$(TARGET_NAME)";
				SWIFT_VERSION = 3.0;
			};
			name = Debug;
		};
		7D78B0451DF8624D006A1303 /* Release */ = {
			isa = XCBuildConfiguration;
			buildSettings = {
				ASSETCATALOG_COMPILER_APPICON_NAME = AppIcon;
				INFOPLIST_FILE = "Social Network App/Info.plist";
				LD_RUNPATH_SEARCH_PATHS = "$(inherited) @executable_path/Frameworks";
				PRODUCT_BUNDLE_IDENTIFIER = "com.darshan.Social-Network-App";
				PRODUCT_NAME = "$(TARGET_NAME)";
				SWIFT_VERSION = 3.0;
			};
			name = Release;
		};
/* End XCBuildConfiguration section */

/* Begin XCConfigurationList section */
		7D78B02C1DF8624D006A1303 /* Build configuration list for PBXProject "Social Network App" */ = {
			isa = XCConfigurationList;
			buildConfigurations = (
				7D78B0411DF8624D006A1303 /* Debug */,
				7D78B0421DF8624D006A1303 /* Release */,
			);
			defaultConfigurationIsVisible = 0;
			defaultConfigurationName = Release;
		};
		7D78B0431DF8624D006A1303 /* Build configuration list for PBXNativeTarget "Social Network App" */ = {
			isa = XCConfigurationList;
			buildConfigurations = (
				7D78B0441DF8624D006A1303 /* Debug */,
				7D78B0451DF8624D006A1303 /* Release */,
			);
			defaultConfigurationIsVisible = 0;
		};
/* End XCConfigurationList section */
	};
	rootObject = 7D78B0291DF8624D006A1303 /* Project object */;
}
